
Microsoft Visual Studio Solution File, Format Version 12.00
# Visual Studio Version 17
VisualStudioVersion = 17.14.36119.2 d17.14
MinimumVisualStudioVersion = 10.0.40219.1
Project("{8BC9CEB8-8B4A-11D0-8D11-00A0C91BC942}") = "CS_405_Buffer_Overflow_Fixed", "CS_405_Buffer_Overflow_Fixed.vcxproj", "{5E067808-0000-2A26-457B-58D6674EE2C5}"
EndProject
Global
	GlobalSection(SolutionConfigurationPlatforms) = preSolution
		Debug|x64 = Debug|x64
		Debug|x86 = Debug|x86
		Release|x64 = Release|x64
		Release|x86 = Release|x86
	EndGlobalSection
	GlobalSection(ProjectConfigurationPlatforms) = postSolution
		{5E067808-0000-2A26-457B-58D6674EE2C5}.Debug|x64.ActiveCfg = Debug|x64
		{5E067808-0000-2A26-457B-58D6674EE2C5}.Debug|x64.Build.0 = Debug|x64
		{5E067808-0000-2A26-457B-58D6674EE2C5}.Debug|x86.ActiveCfg = Debug|Win32
		{5E067808-0000-2A26-457B-58D6674EE2C5}.Debug|x86.Build.0 = Debug|Win32
		{5E067808-0000-2A26-457B-58D6674EE2C5}.Release|x64.ActiveCfg = Release|x64
		{5E067808-0000-2A26-457B-58D6674EE2C5}.Release|x64.Build.0 = Release|x64
		{5E067808-0000-2A26-457B-58D6674EE2C5}.Release|x86.ActiveCfg = Release|Win32
		{5E067808-0000-2A26-457B-58D6674EE2C5}.Release|x86.Build.0 = Release|Win32
	EndGlobalSection
	GlobalSection(SolutionProperties) = preSolution
		HideSolutionNode = FALSE
	EndGlobalSection
	GlobalSection(ExtensibilityGlobals) = postSolution
		SolutionGuid = {07CC83B3-A3BA-41D0-9454-E69E1858E212}
	EndGlobalSection
EndGlobal
