
Microsoft Visual Studio Solution File, Format Version 12.00
# Visual Studio Version 17
VisualStudioVersion = 17.14.36119.2 d17.14
MinimumVisualStudioVersion = 10.0.40219.1
Project("{8BC9CEB8-8B4A-11D0-8D11-00A0C91BC942}") = "CS_405_SQL_Injection_Prevention_Fixed", "CS_405_SQL_Injection_Prevention_Fixed.vcxproj", "{C7D920FF-655F-F8C4-EE6D-06A1ED3FD657}"
EndProject
Global
	GlobalSection(SolutionConfigurationPlatforms) = preSolution
		Debug|x64 = Debug|x64
		Debug|x86 = Debug|x86
		Release|x64 = Release|x64
		Release|x86 = Release|x86
	EndGlobalSection
	GlobalSection(ProjectConfigurationPlatforms) = postSolution
		{C7D920FF-655F-F8C4-EE6D-06A1ED3FD657}.Debug|x64.ActiveCfg = Debug|x64
		{C7D920FF-655F-F8C4-EE6D-06A1ED3FD657}.Debug|x64.Build.0 = Debug|x64
		{C7D920FF-655F-F8C4-EE6D-06A1ED3FD657}.Debug|x86.ActiveCfg = Debug|Win32
		{C7D920FF-655F-F8C4-EE6D-06A1ED3FD657}.Debug|x86.Build.0 = Debug|Win32
		{C7D920FF-655F-F8C4-EE6D-06A1ED3FD657}.Release|x64.ActiveCfg = Release|x64
		{C7D920FF-655F-F8C4-EE6D-06A1ED3FD657}.Release|x64.Build.0 = Release|x64
		{C7D920FF-655F-F8C4-EE6D-06A1ED3FD657}.Release|x86.ActiveCfg = Release|Win32
		{C7D920FF-655F-F8C4-EE6D-06A1ED3FD657}.Release|x86.Build.0 = Release|Win32
	EndGlobalSection
	GlobalSection(SolutionProperties) = preSolution
		HideSolutionNode = FALSE
	EndGlobalSection
	GlobalSection(ExtensibilityGlobals) = postSolution
		SolutionGuid = {FA442427-4D5D-455A-B373-671D082A07D3}
	EndGlobalSection
EndGlobal
